// !$*UTF8*$!
{
	archiveVersion = 1;
	classes = {
	};
	objectVersion = 46;
	objects = {

/* Begin PBXBuildFile section */
		13154B4E17F83BD500FFCEC3 /* NSKitView.h in Headers */ = {isa = PBXBuildFile; fileRef = 13154B4C17F83BD500FFCEC3 /* NSKitView.h */; settings = {ATTRIBUTES = (Public, ); }; };
		13154B4F17F83BD500FFCEC3 /* NSKitView.m in Sources */ = {isa = PBXBuildFile; fileRef = 13154B4D17F83BD500FFCEC3 /* NSKitView.m */; };
		131B723E182BB6B000B47763 /* NSEvent+NSKitExtensions.h in Headers */ = {isa = PBXBuildFile; fileRef = 131B723C182BB6B000B47763 /* NSEvent+NSKitExtensions.h */; settings = {ATTRIBUTES = (Public, ); }; };
		131B723F182BB6B000B47763 /* NSEvent+NSKitExtensions.m in Sources */ = {isa = PBXBuildFile; fileRef = 131B723D182BB6B000B47763 /* NSEvent+NSKitExtensions.m */; };
		131B7240182BB6B000B47763 /* NSEvent+NSKitExtensions.m in Sources */ = {isa = PBXBuildFile; fileRef = 131B723D182BB6B000B47763 /* NSEvent+NSKitExtensions.m */; };
		13402ABB193D800D0063E138 /* NSKitMath.swift in Sources */ = {isa = PBXBuildFile; fileRef = 13402ABA193D800D0063E138 /* NSKitMath.swift */; };
		13402ABC193D800D0063E138 /* NSKitMath.swift in Sources */ = {isa = PBXBuildFile; fileRef = 13402ABA193D800D0063E138 /* NSKitMath.swift */; };
		13414F9117E2208E00F885D2 /* NSString+NSKitExtensions.h in Headers */ = {isa = PBXBuildFile; fileRef = 13414F8F17E2208E00F885D2 /* NSString+NSKitExtensions.h */; settings = {ATTRIBUTES = (Public, ); }; };
		13414F9217E2208E00F885D2 /* NSString+NSKitExtensions.m in Sources */ = {isa = PBXBuildFile; fileRef = 13414F9017E2208E00F885D2 /* NSString+NSKitExtensions.m */; };
		13563C7B18B92959001A5D4F /* NSKitLRUCache.h in Headers */ = {isa = PBXBuildFile; fileRef = 13563C7918B92959001A5D4F /* NSKitLRUCache.h */; settings = {ATTRIBUTES = (Public, ); }; };
		13563C7C18B92959001A5D4F /* NSKitLRUCache.m in Sources */ = {isa = PBXBuildFile; fileRef = 13563C7A18B92959001A5D4F /* NSKitLRUCache.m */; };
		13563C7F18B92DBB001A5D4F /* NSKitCacheEntry.h in Headers */ = {isa = PBXBuildFile; fileRef = 13563C7D18B92DBB001A5D4F /* NSKitCacheEntry.h */; settings = {ATTRIBUTES = (Public, ); }; };
		13563C8018B92DBB001A5D4F /* NSKitCacheEntry.m in Sources */ = {isa = PBXBuildFile; fileRef = 13563C7E18B92DBB001A5D4F /* NSKitCacheEntry.m */; };
		13563C8118B93557001A5D4F /* NSKitLRUCache.m in Sources */ = {isa = PBXBuildFile; fileRef = 13563C7A18B92959001A5D4F /* NSKitLRUCache.m */; };
		13563C8218B93559001A5D4F /* NSKitCacheEntry.m in Sources */ = {isa = PBXBuildFile; fileRef = 13563C7E18B92DBB001A5D4F /* NSKitCacheEntry.m */; };
		13563C8418B93580001A5D4F /* NSKitLRUCache_Test.m in Sources */ = {isa = PBXBuildFile; fileRef = 13563C8318B93580001A5D4F /* NSKitLRUCache_Test.m */; };
		1362EEB5193D8B0600E72166 /* NSKitMath_Test.swift in Sources */ = {isa = PBXBuildFile; fileRef = 1362EEB4193D8B0600E72166 /* NSKitMath_Test.swift */; };
		1377C5A3184395BD0003E832 /* NSKitHoverView.h in Headers */ = {isa = PBXBuildFile; fileRef = 1377C5A1184395BD0003E832 /* NSKitHoverView.h */; settings = {ATTRIBUTES = (Public, ); }; };
		1377C5A4184395BD0003E832 /* NSKitHoverView.m in Sources */ = {isa = PBXBuildFile; fileRef = 1377C5A2184395BD0003E832 /* NSKitHoverView.m */; };
		137F7EB8193D38E0008EBA3C /* NSKitUtilities.swift in Sources */ = {isa = PBXBuildFile; fileRef = 137F7EB7193D38E0008EBA3C /* NSKitUtilities.swift */; };
		137F7EB9193D38E0008EBA3C /* NSKitUtilities.swift in Sources */ = {isa = PBXBuildFile; fileRef = 137F7EB7193D38E0008EBA3C /* NSKitUtilities.swift */; };
		137F7EBD193D3F24008EBA3C /* NSKitUtilities_test.swift in Sources */ = {isa = PBXBuildFile; fileRef = 137F7EBC193D3F24008EBA3C /* NSKitUtilities_test.swift */; };
		13DC0D641913F73500FD02BC /* NSKitNumberFormatter.h in Headers */ = {isa = PBXBuildFile; fileRef = 13DC0D621913F73500FD02BC /* NSKitNumberFormatter.h */; settings = {ATTRIBUTES = (Public, ); }; };
		13DC0D651913F73500FD02BC /* NSKitNumberFormatter.m in Sources */ = {isa = PBXBuildFile; fileRef = 13DC0D631913F73500FD02BC /* NSKitNumberFormatter.m */; };
		13DC0D691913F9C600FD02BC /* NSKitHexValueFormatter.h in Headers */ = {isa = PBXBuildFile; fileRef = 13DC0D671913F9C600FD02BC /* NSKitHexValueFormatter.h */; settings = {ATTRIBUTES = (Public, ); }; };
		13DC0D6A1913F9C600FD02BC /* NSKitHexValueFormatter.m in Sources */ = {isa = PBXBuildFile; fileRef = 13DC0D681913F9C600FD02BC /* NSKitHexValueFormatter.m */; };
		CD0258641777C42D006A7C54 /* NSKitQueue.h in Headers */ = {isa = PBXBuildFile; fileRef = CD0258601777C42D006A7C54 /* NSKitQueue.h */; settings = {ATTRIBUTES = (Public, ); }; };
		CD0258651777C42D006A7C54 /* NSKitQueue.m in Sources */ = {isa = PBXBuildFile; fileRef = CD0258611777C42D006A7C54 /* NSKitQueue.m */; };
		CD0258661777C42D006A7C54 /* NSKitStack.h in Headers */ = {isa = PBXBuildFile; fileRef = CD0258621777C42D006A7C54 /* NSKitStack.h */; settings = {ATTRIBUTES = (Public, ); }; };
		CD0258671777C42D006A7C54 /* NSKitStack.m in Sources */ = {isa = PBXBuildFile; fileRef = CD0258631777C42D006A7C54 /* NSKitStack.m */; };
		CD0258731777C5F5006A7C54 /* NSKitKeyboardHelper.h in Headers */ = {isa = PBXBuildFile; fileRef = CD0258711777C5F5006A7C54 /* NSKitKeyboardHelper.h */; settings = {ATTRIBUTES = (Public, ); }; };
		CD0258741777C5F5006A7C54 /* NSKitKeyboardHelper.m in Sources */ = {isa = PBXBuildFile; fileRef = CD0258721777C5F5006A7C54 /* NSKitKeyboardHelper.m */; };
		CD0258771777C7A3006A7C54 /* NSKitMemoryHelper.h in Headers */ = {isa = PBXBuildFile; fileRef = CD0258751777C7A3006A7C54 /* NSKitMemoryHelper.h */; settings = {ATTRIBUTES = (Public, ); }; };
		CD0258781777C7A3006A7C54 /* NSKitMemoryHelper.m in Sources */ = {isa = PBXBuildFile; fileRef = CD0258761777C7A3006A7C54 /* NSKitMemoryHelper.m */; };
		CD0258881778C88E006A7C54 /* NSTextStorage+NSKitExtensions.h in Headers */ = {isa = PBXBuildFile; fileRef = CD0258861778C88E006A7C54 /* NSTextStorage+NSKitExtensions.h */; settings = {ATTRIBUTES = (Public, ); }; };
		CD0258891778C88E006A7C54 /* NSTextStorage+NSKitExtensions.m in Sources */ = {isa = PBXBuildFile; fileRef = CD0258871778C88E006A7C54 /* NSTextStorage+NSKitExtensions.m */; };
		CD02588C1778CB0A006A7C54 /* NSMutableAttributedString+NSKitExtensions.h in Headers */ = {isa = PBXBuildFile; fileRef = CD02588A1778CB0A006A7C54 /* NSMutableAttributedString+NSKitExtensions.h */; settings = {ATTRIBUTES = (Public, ); }; };
		CD02588D1778CB0A006A7C54 /* NSMutableAttributedString+NSKitExtensions.m in Sources */ = {isa = PBXBuildFile; fileRef = CD02588B1778CB0A006A7C54 /* NSMutableAttributedString+NSKitExtensions.m */; };
		CD0258941778CBB2006A7C54 /* NSColor+NSKitExtensions.h in Headers */ = {isa = PBXBuildFile; fileRef = CD0258921778CBB2006A7C54 /* NSColor+NSKitExtensions.h */; settings = {ATTRIBUTES = (Public, ); }; };
		CD0258951778CBB2006A7C54 /* NSColor+NSKitExtensions.m in Sources */ = {isa = PBXBuildFile; fileRef = CD0258931778CBB2006A7C54 /* NSColor+NSKitExtensions.m */; };
		CD02589E1778D1AA006A7C54 /* NSImage+NSKitExtensions.h in Headers */ = {isa = PBXBuildFile; fileRef = CD02589C1778D1AA006A7C54 /* NSImage+NSKitExtensions.h */; settings = {ATTRIBUTES = (Public, ); }; };
		CD02589F1778D1AA006A7C54 /* NSImage+NSKitExtensions.m in Sources */ = {isa = PBXBuildFile; fileRef = CD02589D1778D1AA006A7C54 /* NSImage+NSKitExtensions.m */; };
		CD0258AF1778D981006A7C54 /* NSUserDefaults+NSKitExtensions.h in Headers */ = {isa = PBXBuildFile; fileRef = CD0258AD1778D981006A7C54 /* NSUserDefaults+NSKitExtensions.h */; settings = {ATTRIBUTES = (Public, ); }; };
		CD0258B01778D981006A7C54 /* NSUserDefaults+NSKitExtensions.m in Sources */ = {isa = PBXBuildFile; fileRef = CD0258AE1778D981006A7C54 /* NSUserDefaults+NSKitExtensions.m */; };
		CD0258BD1778F1FA006A7C54 /* NSMutableArray+NSKitExtensions.m in Sources */ = {isa = PBXBuildFile; fileRef = CDB298601777C13300889B06 /* NSMutableArray+NSKitExtensions.m */; };
		CD082B81178856E7001C9E5E /* NSKitDoubleLinkedList.h in Headers */ = {isa = PBXBuildFile; fileRef = CD082B7F178856E7001C9E5E /* NSKitDoubleLinkedList.h */; settings = {ATTRIBUTES = (Public, ); }; };
		CD082B82178856E7001C9E5E /* NSKitDoubleLinkedList.m in Sources */ = {isa = PBXBuildFile; fileRef = CD082B80178856E7001C9E5E /* NSKitDoubleLinkedList.m */; };
		CD082B8717885A39001C9E5E /* NSKitDoubleLinkedList_Test.m in Sources */ = {isa = PBXBuildFile; fileRef = CD082B84178859AD001C9E5E /* NSKitDoubleLinkedList_Test.m */; };
		CD082B8B17885AE4001C9E5E /* NSKitNode.m in Sources */ = {isa = PBXBuildFile; fileRef = CD082B8A17885AE4001C9E5E /* NSKitNode.m */; };
		CD082B8E1788608A001C9E5E /* NSKitSinglyLinkedList+Private.h in Headers */ = {isa = PBXBuildFile; fileRef = CD082B8C1788608A001C9E5E /* NSKitSinglyLinkedList+Private.h */; settings = {ATTRIBUTES = (Public, ); }; };
		CD22E08417809E8F00520971 /* NSKitRateHelper.h in Headers */ = {isa = PBXBuildFile; fileRef = CD22E08217809E8F00520971 /* NSKitRateHelper.h */; settings = {ATTRIBUTES = (Public, ); }; };
		CD22E08517809E8F00520971 /* NSKitRateHelper.m in Sources */ = {isa = PBXBuildFile; fileRef = CD22E08317809E8F00520971 /* NSKitRateHelper.m */; };
		CD22E08817809EAF00520971 /* NSKitRate.h in Headers */ = {isa = PBXBuildFile; fileRef = CD22E08617809EAF00520971 /* NSKitRate.h */; settings = {ATTRIBUTES = (Public, ); }; };
		CD22E08917809EAF00520971 /* NSKitRate.m in Sources */ = {isa = PBXBuildFile; fileRef = CD22E08717809EAF00520971 /* NSKitRate.m */; };
		CD3B0BFE1780409400D2B16F /* NSUserDefaults_Test.m in Sources */ = {isa = PBXBuildFile; fileRef = CD3B0BFD1780409400D2B16F /* NSUserDefaults_Test.m */; };
		CD3B0C0117804D1F00D2B16F /* NSKitSoundProxy.h in Headers */ = {isa = PBXBuildFile; fileRef = CD3B0BFF17804D1F00D2B16F /* NSKitSoundProxy.h */; settings = {ATTRIBUTES = (Public, ); }; };
		CD3B0C0217804D1F00D2B16F /* NSKitSoundProxy.m in Sources */ = {isa = PBXBuildFile; fileRef = CD3B0C0017804D1F00D2B16F /* NSKitSoundProxy.m */; };
		CD3B0C0417804DAC00D2B16F /* AudioToolbox.framework in Frameworks */ = {isa = PBXBuildFile; fileRef = CD3B0C0317804DAC00D2B16F /* AudioToolbox.framework */; };
		CD3B0C081780520700D2B16F /* NSKitCGContextHelper.h in Headers */ = {isa = PBXBuildFile; fileRef = CD3B0C061780520700D2B16F /* NSKitCGContextHelper.h */; settings = {ATTRIBUTES = (Public, ); }; };
		CD3B0C091780520700D2B16F /* NSKitCGContextHelper.m in Sources */ = {isa = PBXBuildFile; fileRef = CD3B0C071780520700D2B16F /* NSKitCGContextHelper.m */; };
		CD5538F9177CE980004B33D8 /* NSKitSinglyLinkedList_Test.m in Sources */ = {isa = PBXBuildFile; fileRef = CD5538F8177CE980004B33D8 /* NSKitSinglyLinkedList_Test.m */; };
		CD5538FC177CFBB2004B33D8 /* NSKitLinkedListProtocol.h in Headers */ = {isa = PBXBuildFile; fileRef = CD5538FA177CFBB2004B33D8 /* NSKitLinkedListProtocol.h */; settings = {ATTRIBUTES = (Public, ); }; };
		CD55395B177E1D37004B33D8 /* SystemConfiguration.framework in Frameworks */ = {isa = PBXBuildFile; fileRef = CD55395A177E1D37004B33D8 /* SystemConfiguration.framework */; };
		CD842DE41933BA0400AE4CC7 /* NSKitSoundProxy_Test.m in Sources */ = {isa = PBXBuildFile; fileRef = CD842DE31933BA0400AE4CC7 /* NSKitSoundProxy_Test.m */; };
		CD842DE61933BB3B00AE4CC7 /* NSString_Test.m in Sources */ = {isa = PBXBuildFile; fileRef = CD842DE51933BB3B00AE4CC7 /* NSString_Test.m */; };
		CD842DE91933C6C600AE4CC7 /* NSKitProgressView.h in Headers */ = {isa = PBXBuildFile; fileRef = CD842DE71933C6C600AE4CC7 /* NSKitProgressView.h */; settings = {ATTRIBUTES = (Public, ); }; };
		CD842DEA1933C6C600AE4CC7 /* NSKitProgressView.m in Sources */ = {isa = PBXBuildFile; fileRef = CD842DE81933C6C600AE4CC7 /* NSKitProgressView.m */; };
		CD842DEC1933C7DB00AE4CC7 /* QuartzCore.framework in Frameworks */ = {isa = PBXBuildFile; fileRef = CD842DEB1933C7DB00AE4CC7 /* QuartzCore.framework */; };
		CD842E011933CAB000AE4CC7 /* NSObject+NSKitExtensions.h in Headers */ = {isa = PBXBuildFile; fileRef = CD842DFF1933CAB000AE4CC7 /* NSObject+NSKitExtensions.h */; settings = {ATTRIBUTES = (Public, ); }; };
		CD842E021933CAB000AE4CC7 /* NSObject+NSKitExtensions.m in Sources */ = {isa = PBXBuildFile; fileRef = CD842E001933CAB000AE4CC7 /* NSObject+NSKitExtensions.m */; };
		CD88570D177F9256007322E8 /* NSKitHeapPriorityQueue.h in Headers */ = {isa = PBXBuildFile; fileRef = CD88570B177F9256007322E8 /* NSKitHeapPriorityQueue.h */; settings = {ATTRIBUTES = (Public, ); }; };
		CD88570E177F9256007322E8 /* NSKitHeapPriorityQueue.m in Sources */ = {isa = PBXBuildFile; fileRef = CD88570C177F9256007322E8 /* NSKitHeapPriorityQueue.m */; };
		CD885711177F97EC007322E8 /* NSKitPriorityQueue_Test.m in Sources */ = {isa = PBXBuildFile; fileRef = CD885710177F97EC007322E8 /* NSKitPriorityQueue_Test.m */; };
		CD8AACB51928F5EE005BEFAE /* NSKitHoverView_Test.m in Sources */ = {isa = PBXBuildFile; fileRef = CD8AACB41928F5EE005BEFAE /* NSKitHoverView_Test.m */; };
		CD8BAA681779F13300DA1996 /* NSKitSinglyLinkedList.h in Headers */ = {isa = PBXBuildFile; fileRef = CD8BAA661779F13300DA1996 /* NSKitSinglyLinkedList.h */; settings = {ATTRIBUTES = (Public, ); }; };
		CD8BAA691779F13300DA1996 /* NSKitSinglyLinkedList.m in Sources */ = {isa = PBXBuildFile; fileRef = CD8BAA671779F13300DA1996 /* NSKitSinglyLinkedList.m */; };
		CDB2980D1777A4A700889B06 /* Cocoa.framework in Frameworks */ = {isa = PBXBuildFile; fileRef = CDB2980C1777A4A700889B06 /* Cocoa.framework */; };
		CDB2981B1777A4A700889B06 /* NSKit.m in Sources */ = {isa = PBXBuildFile; fileRef = CDB2981A1777A4A700889B06 /* NSKit.m */; };
		CDB298221777A4A700889B06 /* XCTest.framework in Frameworks */ = {isa = PBXBuildFile; fileRef = CDB298211777A4A700889B06 /* XCTest.framework */; settings = {ATTRIBUTES = (Weak, ); }; };
		CDB298231777A4A700889B06 /* Cocoa.framework in Frameworks */ = {isa = PBXBuildFile; fileRef = CDB2980C1777A4A700889B06 /* Cocoa.framework */; };
		CDB298261777A4A700889B06 /* NSKit.framework in Frameworks */ = {isa = PBXBuildFile; fileRef = CDB298091777A4A700889B06 /* NSKit.framework */; };
		CDB2982C1777A4A700889B06 /* InfoPlist.strings in Resources */ = {isa = PBXBuildFile; fileRef = CDB2982A1777A4A700889B06 /* InfoPlist.strings */; };
		CDB298401777ACAB00889B06 /* NSWindow+NSKitExtensions.h in Headers */ = {isa = PBXBuildFile; fileRef = CDB2983E1777ACAB00889B06 /* NSWindow+NSKitExtensions.h */; settings = {ATTRIBUTES = (Public, ); }; };
		CDB298411777ACAB00889B06 /* NSWindow+NSKitExtensions.m in Sources */ = {isa = PBXBuildFile; fileRef = CDB2983F1777ACAB00889B06 /* NSWindow+NSKitExtensions.m */; };
		CDB298441777AFAD00889B06 /* NSView+NSKitExtensions.m in Sources */ = {isa = PBXBuildFile; fileRef = CDB298431777AFA900889B06 /* NSView+NSKitExtensions.m */; };
		CDB298461777AFC900889B06 /* NSView+NSKitExtensions.h in Headers */ = {isa = PBXBuildFile; fileRef = CDB298421777AFA900889B06 /* NSView+NSKitExtensions.h */; settings = {ATTRIBUTES = (Public, ); }; };
		CDB298571777BAB100889B06 /* NSKitEmailHelper.h in Headers */ = {isa = PBXBuildFile; fileRef = CDB298501777B60A00889B06 /* NSKitEmailHelper.h */; settings = {ATTRIBUTES = (Public, ); }; };
		CDB2985D1777C05700889B06 /* NSArray+NSKitExtensions.h in Headers */ = {isa = PBXBuildFile; fileRef = CDB2985B1777C05700889B06 /* NSArray+NSKitExtensions.h */; settings = {ATTRIBUTES = (Public, ); }; };
		CDB2985E1777C05700889B06 /* NSArray+NSKitExtensions.m in Sources */ = {isa = PBXBuildFile; fileRef = CDB2985C1777C05700889B06 /* NSArray+NSKitExtensions.m */; };
		CDB2986A1777C2EF00889B06 /* NSKitPerformanceTimer.h in Headers */ = {isa = PBXBuildFile; fileRef = CDB298591777BF0500889B06 /* NSKitPerformanceTimer.h */; settings = {ATTRIBUTES = (Public, ); }; };
		CDB2986B1777C2FC00889B06 /* NSMutableArray+NSKitExtensions.h in Headers */ = {isa = PBXBuildFile; fileRef = CDB2985F1777C13300889B06 /* NSMutableArray+NSKitExtensions.h */; settings = {ATTRIBUTES = (Public, ); }; };
		CDBE1E6F177FAA25002E6F58 /* NSKitStack_Test.m in Sources */ = {isa = PBXBuildFile; fileRef = CDBE1E6D177FAA25002E6F58 /* NSKitStack_Test.m */; };
		CDBE1E76177FAF97002E6F58 /* NSKitQueue_Test.m in Sources */ = {isa = PBXBuildFile; fileRef = CDBE1E75177FAF97002E6F58 /* NSKitQueue_Test.m */; };
		CDC82B56177F2F7600FCC56B /* NSArray_Test.m in Sources */ = {isa = PBXBuildFile; fileRef = CDC82B55177F2F7600FCC56B /* NSArray_Test.m */; };
		CDC82B59177F2FC000FCC56B /* NSColor_Test.m in Sources */ = {isa = PBXBuildFile; fileRef = CDC82B58177F2FC000FCC56B /* NSColor_Test.m */; };
/* End PBXBuildFile section */

/* Begin PBXContainerItemProxy section */
		137F7EBA193D3C90008EBA3C /* PBXContainerItemProxy */ = {
			isa = PBXContainerItemProxy;
			containerPortal = CDB298001777A4A700889B06 /* Project object */;
			proxyType = 1;
			remoteGlobalIDString = CDB298081777A4A700889B06;
			remoteInfo = NSKit;
		};
		CDB298241777A4A700889B06 /* PBXContainerItemProxy */ = {
			isa = PBXContainerItemProxy;
			containerPortal = CDB298001777A4A700889B06 /* Project object */;
			proxyType = 1;
			remoteGlobalIDString = CDB298081777A4A700889B06;
			remoteInfo = NSKit;
		};
/* End PBXContainerItemProxy section */

/* Begin PBXFileReference section */
		13154B4C17F83BD500FFCEC3 /* NSKitView.h */ = {isa = PBXFileReference; fileEncoding = 4; lastKnownFileType = sourcecode.c.h; path = NSKitView.h; sourceTree = "<group>"; };
		13154B4D17F83BD500FFCEC3 /* NSKitView.m */ = {isa = PBXFileReference; fileEncoding = 4; lastKnownFileType = sourcecode.c.objc; path = NSKitView.m; sourceTree = "<group>"; };
		131B723C182BB6B000B47763 /* NSEvent+NSKitExtensions.h */ = {isa = PBXFileReference; fileEncoding = 4; lastKnownFileType = sourcecode.c.h; path = "NSEvent+NSKitExtensions.h"; sourceTree = "<group>"; };
		131B723D182BB6B000B47763 /* NSEvent+NSKitExtensions.m */ = {isa = PBXFileReference; fileEncoding = 4; lastKnownFileType = sourcecode.c.objc; path = "NSEvent+NSKitExtensions.m"; sourceTree = "<group>"; };
		13402ABA193D800D0063E138 /* NSKitMath.swift */ = {isa = PBXFileReference; fileEncoding = 4; lastKnownFileType = sourcecode.swift; path = NSKitMath.swift; sourceTree = "<group>"; };
		13414F8F17E2208E00F885D2 /* NSString+NSKitExtensions.h */ = {isa = PBXFileReference; fileEncoding = 4; lastKnownFileType = sourcecode.c.h; path = "NSString+NSKitExtensions.h"; sourceTree = "<group>"; };
		13414F9017E2208E00F885D2 /* NSString+NSKitExtensions.m */ = {isa = PBXFileReference; fileEncoding = 4; lastKnownFileType = sourcecode.c.objc; path = "NSString+NSKitExtensions.m"; sourceTree = "<group>"; };
		13563C7918B92959001A5D4F /* NSKitLRUCache.h */ = {isa = PBXFileReference; fileEncoding = 4; lastKnownFileType = sourcecode.c.h; path = NSKitLRUCache.h; sourceTree = "<group>"; };
		13563C7A18B92959001A5D4F /* NSKitLRUCache.m */ = {isa = PBXFileReference; fileEncoding = 4; lastKnownFileType = sourcecode.c.objc; path = NSKitLRUCache.m; sourceTree = "<group>"; };
		13563C7D18B92DBB001A5D4F /* NSKitCacheEntry.h */ = {isa = PBXFileReference; fileEncoding = 4; lastKnownFileType = sourcecode.c.h; path = NSKitCacheEntry.h; sourceTree = "<group>"; };
		13563C7E18B92DBB001A5D4F /* NSKitCacheEntry.m */ = {isa = PBXFileReference; fileEncoding = 4; lastKnownFileType = sourcecode.c.objc; path = NSKitCacheEntry.m; sourceTree = "<group>"; };
		13563C8318B93580001A5D4F /* NSKitLRUCache_Test.m */ = {isa = PBXFileReference; fileEncoding = 4; lastKnownFileType = sourcecode.c.objc; path = NSKitLRUCache_Test.m; sourceTree = "<group>"; };
		1362EEB4193D8B0600E72166 /* NSKitMath_Test.swift */ = {isa = PBXFileReference; fileEncoding = 4; lastKnownFileType = sourcecode.swift; path = NSKitMath_Test.swift; sourceTree = "<group>"; };
		1377C5A1184395BD0003E832 /* NSKitHoverView.h */ = {isa = PBXFileReference; fileEncoding = 4; lastKnownFileType = sourcecode.c.h; path = NSKitHoverView.h; sourceTree = "<group>"; };
		1377C5A2184395BD0003E832 /* NSKitHoverView.m */ = {isa = PBXFileReference; fileEncoding = 4; lastKnownFileType = sourcecode.c.objc; path = NSKitHoverView.m; sourceTree = "<group>"; };
		137F7EB7193D38E0008EBA3C /* NSKitUtilities.swift */ = {isa = PBXFileReference; fileEncoding = 4; lastKnownFileType = sourcecode.swift; path = NSKitUtilities.swift; sourceTree = "<group>"; };
		137F7EBC193D3F24008EBA3C /* NSKitUtilities_test.swift */ = {isa = PBXFileReference; fileEncoding = 4; lastKnownFileType = sourcecode.swift; path = NSKitUtilities_test.swift; sourceTree = "<group>"; };
		13DC0D621913F73500FD02BC /* NSKitNumberFormatter.h */ = {isa = PBXFileReference; fileEncoding = 4; lastKnownFileType = sourcecode.c.h; path = NSKitNumberFormatter.h; sourceTree = "<group>"; };
		13DC0D631913F73500FD02BC /* NSKitNumberFormatter.m */ = {isa = PBXFileReference; fileEncoding = 4; lastKnownFileType = sourcecode.c.objc; path = NSKitNumberFormatter.m; sourceTree = "<group>"; };
		13DC0D671913F9C600FD02BC /* NSKitHexValueFormatter.h */ = {isa = PBXFileReference; fileEncoding = 4; lastKnownFileType = sourcecode.c.h; path = NSKitHexValueFormatter.h; sourceTree = "<group>"; };
		13DC0D681913F9C600FD02BC /* NSKitHexValueFormatter.m */ = {isa = PBXFileReference; fileEncoding = 4; lastKnownFileType = sourcecode.c.objc; path = NSKitHexValueFormatter.m; sourceTree = "<group>"; };
		CD0258601777C42D006A7C54 /* NSKitQueue.h */ = {isa = PBXFileReference; fileEncoding = 4; lastKnownFileType = sourcecode.c.h; path = NSKitQueue.h; sourceTree = "<group>"; };
		CD0258611777C42D006A7C54 /* NSKitQueue.m */ = {isa = PBXFileReference; fileEncoding = 4; lastKnownFileType = sourcecode.c.objc; path = NSKitQueue.m; sourceTree = "<group>"; };
		CD0258621777C42D006A7C54 /* NSKitStack.h */ = {isa = PBXFileReference; fileEncoding = 4; lastKnownFileType = sourcecode.c.h; path = NSKitStack.h; sourceTree = "<group>"; };
		CD0258631777C42D006A7C54 /* NSKitStack.m */ = {isa = PBXFileReference; fileEncoding = 4; lastKnownFileType = sourcecode.c.objc; path = NSKitStack.m; sourceTree = "<group>"; };
		CD0258711777C5F5006A7C54 /* NSKitKeyboardHelper.h */ = {isa = PBXFileReference; fileEncoding = 4; lastKnownFileType = sourcecode.c.h; path = NSKitKeyboardHelper.h; sourceTree = "<group>"; };
		CD0258721777C5F5006A7C54 /* NSKitKeyboardHelper.m */ = {isa = PBXFileReference; fileEncoding = 4; lastKnownFileType = sourcecode.c.objc; path = NSKitKeyboardHelper.m; sourceTree = "<group>"; };
		CD0258751777C7A3006A7C54 /* NSKitMemoryHelper.h */ = {isa = PBXFileReference; fileEncoding = 4; lastKnownFileType = sourcecode.c.h; path = NSKitMemoryHelper.h; sourceTree = "<group>"; };
		CD0258761777C7A3006A7C54 /* NSKitMemoryHelper.m */ = {isa = PBXFileReference; fileEncoding = 4; lastKnownFileType = sourcecode.c.objc; path = NSKitMemoryHelper.m; sourceTree = "<group>"; };
		CD0258861778C88E006A7C54 /* NSTextStorage+NSKitExtensions.h */ = {isa = PBXFileReference; fileEncoding = 4; lastKnownFileType = sourcecode.c.h; path = "NSTextStorage+NSKitExtensions.h"; sourceTree = "<group>"; };
		CD0258871778C88E006A7C54 /* NSTextStorage+NSKitExtensions.m */ = {isa = PBXFileReference; fileEncoding = 4; lastKnownFileType = sourcecode.c.objc; path = "NSTextStorage+NSKitExtensions.m"; sourceTree = "<group>"; };
		CD02588A1778CB0A006A7C54 /* NSMutableAttributedString+NSKitExtensions.h */ = {isa = PBXFileReference; fileEncoding = 4; lastKnownFileType = sourcecode.c.h; path = "NSMutableAttributedString+NSKitExtensions.h"; sourceTree = "<group>"; };
		CD02588B1778CB0A006A7C54 /* NSMutableAttributedString+NSKitExtensions.m */ = {isa = PBXFileReference; fileEncoding = 4; lastKnownFileType = sourcecode.c.objc; path = "NSMutableAttributedString+NSKitExtensions.m"; sourceTree = "<group>"; };
		CD0258921778CBB2006A7C54 /* NSColor+NSKitExtensions.h */ = {isa = PBXFileReference; fileEncoding = 4; lastKnownFileType = sourcecode.c.h; path = "NSColor+NSKitExtensions.h"; sourceTree = "<group>"; };
		CD0258931778CBB2006A7C54 /* NSColor+NSKitExtensions.m */ = {isa = PBXFileReference; fileEncoding = 4; lastKnownFileType = sourcecode.c.objc; path = "NSColor+NSKitExtensions.m"; sourceTree = "<group>"; };
		CD02589C1778D1AA006A7C54 /* NSImage+NSKitExtensions.h */ = {isa = PBXFileReference; fileEncoding = 4; lastKnownFileType = sourcecode.c.h; path = "NSImage+NSKitExtensions.h"; sourceTree = "<group>"; };
		CD02589D1778D1AA006A7C54 /* NSImage+NSKitExtensions.m */ = {isa = PBXFileReference; fileEncoding = 4; lastKnownFileType = sourcecode.c.objc; path = "NSImage+NSKitExtensions.m"; sourceTree = "<group>"; };
		CD0258AD1778D981006A7C54 /* NSUserDefaults+NSKitExtensions.h */ = {isa = PBXFileReference; fileEncoding = 4; lastKnownFileType = sourcecode.c.h; path = "NSUserDefaults+NSKitExtensions.h"; sourceTree = "<group>"; };
		CD0258AE1778D981006A7C54 /* NSUserDefaults+NSKitExtensions.m */ = {isa = PBXFileReference; fileEncoding = 4; lastKnownFileType = sourcecode.c.objc; path = "NSUserDefaults+NSKitExtensions.m"; sourceTree = "<group>"; };
		CD082B7F178856E7001C9E5E /* NSKitDoubleLinkedList.h */ = {isa = PBXFileReference; fileEncoding = 4; lastKnownFileType = sourcecode.c.h; path = NSKitDoubleLinkedList.h; sourceTree = "<group>"; };
		CD082B80178856E7001C9E5E /* NSKitDoubleLinkedList.m */ = {isa = PBXFileReference; fileEncoding = 4; lastKnownFileType = sourcecode.c.objc; path = NSKitDoubleLinkedList.m; sourceTree = "<group>"; };
		CD082B84178859AD001C9E5E /* NSKitDoubleLinkedList_Test.m */ = {isa = PBXFileReference; fileEncoding = 4; lastKnownFileType = sourcecode.c.objc; path = NSKitDoubleLinkedList_Test.m; sourceTree = "<group>"; };
		CD082B8917885AE4001C9E5E /* NSKitNode.h */ = {isa = PBXFileReference; fileEncoding = 4; lastKnownFileType = sourcecode.c.h; path = NSKitNode.h; sourceTree = "<group>"; };
		CD082B8A17885AE4001C9E5E /* NSKitNode.m */ = {isa = PBXFileReference; fileEncoding = 4; lastKnownFileType = sourcecode.c.objc; path = NSKitNode.m; sourceTree = "<group>"; };
		CD082B8C1788608A001C9E5E /* NSKitSinglyLinkedList+Private.h */ = {isa = PBXFileReference; fileEncoding = 4; lastKnownFileType = sourcecode.c.h; path = "NSKitSinglyLinkedList+Private.h"; sourceTree = "<group>"; };
		CD22E08217809E8F00520971 /* NSKitRateHelper.h */ = {isa = PBXFileReference; fileEncoding = 4; lastKnownFileType = sourcecode.c.h; path = NSKitRateHelper.h; sourceTree = "<group>"; };
		CD22E08317809E8F00520971 /* NSKitRateHelper.m */ = {isa = PBXFileReference; fileEncoding = 4; lastKnownFileType = sourcecode.c.objc; path = NSKitRateHelper.m; sourceTree = "<group>"; };
		CD22E08617809EAF00520971 /* NSKitRate.h */ = {isa = PBXFileReference; fileEncoding = 4; lastKnownFileType = sourcecode.c.h; path = NSKitRate.h; sourceTree = "<group>"; };
		CD22E08717809EAF00520971 /* NSKitRate.m */ = {isa = PBXFileReference; fileEncoding = 4; lastKnownFileType = sourcecode.c.objc; path = NSKitRate.m; sourceTree = "<group>"; };
		CD3B0BFD1780409400D2B16F /* NSUserDefaults_Test.m */ = {isa = PBXFileReference; fileEncoding = 4; lastKnownFileType = sourcecode.c.objc; path = NSUserDefaults_Test.m; sourceTree = "<group>"; };
		CD3B0BFF17804D1F00D2B16F /* NSKitSoundProxy.h */ = {isa = PBXFileReference; fileEncoding = 4; lastKnownFileType = sourcecode.c.h; path = NSKitSoundProxy.h; sourceTree = "<group>"; };
		CD3B0C0017804D1F00D2B16F /* NSKitSoundProxy.m */ = {isa = PBXFileReference; fileEncoding = 4; lastKnownFileType = sourcecode.c.objc; path = NSKitSoundProxy.m; sourceTree = "<group>"; };
		CD3B0C0317804DAC00D2B16F /* AudioToolbox.framework */ = {isa = PBXFileReference; lastKnownFileType = wrapper.framework; name = AudioToolbox.framework; path = System/Library/Frameworks/AudioToolbox.framework; sourceTree = SDKROOT; };
		CD3B0C061780520700D2B16F /* NSKitCGContextHelper.h */ = {isa = PBXFileReference; fileEncoding = 4; lastKnownFileType = sourcecode.c.h; path = NSKitCGContextHelper.h; sourceTree = "<group>"; };
		CD3B0C071780520700D2B16F /* NSKitCGContextHelper.m */ = {isa = PBXFileReference; fileEncoding = 4; lastKnownFileType = sourcecode.c.objc; path = NSKitCGContextHelper.m; sourceTree = "<group>"; };
		CD5538F8177CE980004B33D8 /* NSKitSinglyLinkedList_Test.m */ = {isa = PBXFileReference; fileEncoding = 4; lastKnownFileType = sourcecode.c.objc; path = NSKitSinglyLinkedList_Test.m; sourceTree = "<group>"; };
		CD5538FA177CFBB2004B33D8 /* NSKitLinkedListProtocol.h */ = {isa = PBXFileReference; fileEncoding = 4; lastKnownFileType = sourcecode.c.h; path = NSKitLinkedListProtocol.h; sourceTree = "<group>"; };
		CD55395A177E1D37004B33D8 /* SystemConfiguration.framework */ = {isa = PBXFileReference; lastKnownFileType = wrapper.framework; name = SystemConfiguration.framework; path = System/Library/Frameworks/SystemConfiguration.framework; sourceTree = SDKROOT; };
		CD842DE31933BA0400AE4CC7 /* NSKitSoundProxy_Test.m */ = {isa = PBXFileReference; fileEncoding = 4; lastKnownFileType = sourcecode.c.objc; path = NSKitSoundProxy_Test.m; sourceTree = "<group>"; };
		CD842DE51933BB3B00AE4CC7 /* NSString_Test.m */ = {isa = PBXFileReference; fileEncoding = 4; lastKnownFileType = sourcecode.c.objc; path = NSString_Test.m; sourceTree = "<group>"; };
		CD842DE71933C6C600AE4CC7 /* NSKitProgressView.h */ = {isa = PBXFileReference; fileEncoding = 4; lastKnownFileType = sourcecode.c.h; path = NSKitProgressView.h; sourceTree = "<group>"; };
		CD842DE81933C6C600AE4CC7 /* NSKitProgressView.m */ = {isa = PBXFileReference; fileEncoding = 4; lastKnownFileType = sourcecode.c.objc; path = NSKitProgressView.m; sourceTree = "<group>"; };
		CD842DEB1933C7DB00AE4CC7 /* QuartzCore.framework */ = {isa = PBXFileReference; lastKnownFileType = wrapper.framework; name = QuartzCore.framework; path = Platforms/MacOSX.platform/Developer/SDKs/MacOSX10.8.sdk/System/Library/Frameworks/QuartzCore.framework; sourceTree = DEVELOPER_DIR; };
		CD842DFF1933CAB000AE4CC7 /* NSObject+NSKitExtensions.h */ = {isa = PBXFileReference; fileEncoding = 4; lastKnownFileType = sourcecode.c.h; path = "NSObject+NSKitExtensions.h"; sourceTree = "<group>"; };
		CD842E001933CAB000AE4CC7 /* NSObject+NSKitExtensions.m */ = {isa = PBXFileReference; fileEncoding = 4; lastKnownFileType = sourcecode.c.objc; path = "NSObject+NSKitExtensions.m"; sourceTree = "<group>"; };
		CD88570B177F9256007322E8 /* NSKitHeapPriorityQueue.h */ = {isa = PBXFileReference; fileEncoding = 4; lastKnownFileType = sourcecode.c.h; path = NSKitHeapPriorityQueue.h; sourceTree = "<group>"; };
		CD88570C177F9256007322E8 /* NSKitHeapPriorityQueue.m */ = {isa = PBXFileReference; fileEncoding = 4; lastKnownFileType = sourcecode.c.objc; path = NSKitHeapPriorityQueue.m; sourceTree = "<group>"; };
		CD885710177F97EC007322E8 /* NSKitPriorityQueue_Test.m */ = {isa = PBXFileReference; fileEncoding = 4; lastKnownFileType = sourcecode.c.objc; path = NSKitPriorityQueue_Test.m; sourceTree = "<group>"; };
		CD8AACB41928F5EE005BEFAE /* NSKitHoverView_Test.m */ = {isa = PBXFileReference; fileEncoding = 4; lastKnownFileType = sourcecode.c.objc; path = NSKitHoverView_Test.m; sourceTree = "<group>"; };
		CD8BAA661779F13300DA1996 /* NSKitSinglyLinkedList.h */ = {isa = PBXFileReference; fileEncoding = 4; lastKnownFileType = sourcecode.c.h; path = NSKitSinglyLinkedList.h; sourceTree = "<group>"; };
		CD8BAA671779F13300DA1996 /* NSKitSinglyLinkedList.m */ = {isa = PBXFileReference; fileEncoding = 4; lastKnownFileType = sourcecode.c.objc; path = NSKitSinglyLinkedList.m; sourceTree = "<group>"; };
		CDB298091777A4A700889B06 /* NSKit.framework */ = {isa = PBXFileReference; explicitFileType = wrapper.framework; includeInIndex = 0; path = NSKit.framework; sourceTree = BUILT_PRODUCTS_DIR; };
		CDB2980C1777A4A700889B06 /* Cocoa.framework */ = {isa = PBXFileReference; lastKnownFileType = wrapper.framework; name = Cocoa.framework; path = System/Library/Frameworks/Cocoa.framework; sourceTree = SDKROOT; };
		CDB2980F1777A4A700889B06 /* Foundation.framework */ = {isa = PBXFileReference; lastKnownFileType = wrapper.framework; name = Foundation.framework; path = System/Library/Frameworks/Foundation.framework; sourceTree = SDKROOT; };
		CDB298101777A4A700889B06 /* CoreData.framework */ = {isa = PBXFileReference; lastKnownFileType = wrapper.framework; name = CoreData.framework; path = System/Library/Frameworks/CoreData.framework; sourceTree = SDKROOT; };
		CDB298111777A4A700889B06 /* AppKit.framework */ = {isa = PBXFileReference; lastKnownFileType = wrapper.framework; name = AppKit.framework; path = System/Library/Frameworks/AppKit.framework; sourceTree = SDKROOT; };
		CDB298141777A4A700889B06 /* NSKit-Info.plist */ = {isa = PBXFileReference; lastKnownFileType = text.plist.xml; path = "NSKit-Info.plist"; sourceTree = "<group>"; };
		CDB298181777A4A700889B06 /* NSKit-Prefix.pch */ = {isa = PBXFileReference; lastKnownFileType = sourcecode.c.h; path = "NSKit-Prefix.pch"; sourceTree = "<group>"; };
		CDB298191777A4A700889B06 /* NSKit.h */ = {isa = PBXFileReference; lastKnownFileType = sourcecode.c.h; path = NSKit.h; sourceTree = "<group>"; };
		CDB2981A1777A4A700889B06 /* NSKit.m */ = {isa = PBXFileReference; lastKnownFileType = sourcecode.c.objc; path = NSKit.m; sourceTree = "<group>"; };
		CDB298201777A4A700889B06 /* NSKitTests.xctest */ = {isa = PBXFileReference; explicitFileType = wrapper.cfbundle; includeInIndex = 0; path = NSKitTests.xctest; sourceTree = BUILT_PRODUCTS_DIR; };
		CDB298211777A4A700889B06 /* XCTest.framework */ = {isa = PBXFileReference; lastKnownFileType = wrapper.framework; name = XCTest.framework; path = Library/Frameworks/XCTest.framework; sourceTree = DEVELOPER_DIR; };
		CDB298291777A4A700889B06 /* NSKitTests-Info.plist */ = {isa = PBXFileReference; lastKnownFileType = text.plist.xml; path = "NSKitTests-Info.plist"; sourceTree = "<group>"; };
		CDB2982B1777A4A700889B06 /* en */ = {isa = PBXFileReference; lastKnownFileType = text.plist.strings; name = en; path = en.lproj/InfoPlist.strings; sourceTree = "<group>"; };
		CDB2983E1777ACAB00889B06 /* NSWindow+NSKitExtensions.h */ = {isa = PBXFileReference; fileEncoding = 4; lastKnownFileType = sourcecode.c.h; path = "NSWindow+NSKitExtensions.h"; sourceTree = "<group>"; };
		CDB2983F1777ACAB00889B06 /* NSWindow+NSKitExtensions.m */ = {isa = PBXFileReference; fileEncoding = 4; lastKnownFileType = sourcecode.c.objc; path = "NSWindow+NSKitExtensions.m"; sourceTree = "<group>"; };
		CDB298421777AFA900889B06 /* NSView+NSKitExtensions.h */ = {isa = PBXFileReference; lastKnownFileType = sourcecode.c.h; path = "NSView+NSKitExtensions.h"; sourceTree = "<group>"; };
		CDB298431777AFA900889B06 /* NSView+NSKitExtensions.m */ = {isa = PBXFileReference; lastKnownFileType = sourcecode.c.objc; path = "NSView+NSKitExtensions.m"; sourceTree = "<group>"; };
		CDB298501777B60A00889B06 /* NSKitEmailHelper.h */ = {isa = PBXFileReference; lastKnownFileType = sourcecode.c.h; path = NSKitEmailHelper.h; sourceTree = "<group>"; };
		CDB298511777B60A00889B06 /* NSKitEmailHelper.m */ = {isa = PBXFileReference; lastKnownFileType = sourcecode.c.objc; path = NSKitEmailHelper.m; sourceTree = "<group>"; };
		CDB298591777BF0500889B06 /* NSKitPerformanceTimer.h */ = {isa = PBXFileReference; lastKnownFileType = sourcecode.c.h; path = NSKitPerformanceTimer.h; sourceTree = "<group>"; };
		CDB2985A1777BF0500889B06 /* NSKitPerformanceTimer.m */ = {isa = PBXFileReference; lastKnownFileType = sourcecode.c.objc; path = NSKitPerformanceTimer.m; sourceTree = "<group>"; };
		CDB2985B1777C05700889B06 /* NSArray+NSKitExtensions.h */ = {isa = PBXFileReference; fileEncoding = 4; lastKnownFileType = sourcecode.c.h; path = "NSArray+NSKitExtensions.h"; sourceTree = "<group>"; };
		CDB2985C1777C05700889B06 /* NSArray+NSKitExtensions.m */ = {isa = PBXFileReference; fileEncoding = 4; lastKnownFileType = sourcecode.c.objc; path = "NSArray+NSKitExtensions.m"; sourceTree = "<group>"; };
		CDB2985F1777C13300889B06 /* NSMutableArray+NSKitExtensions.h */ = {isa = PBXFileReference; lastKnownFileType = sourcecode.c.h; path = "NSMutableArray+NSKitExtensions.h"; sourceTree = "<group>"; };
		CDB298601777C13300889B06 /* NSMutableArray+NSKitExtensions.m */ = {isa = PBXFileReference; lastKnownFileType = sourcecode.c.objc; path = "NSMutableArray+NSKitExtensions.m"; sourceTree = "<group>"; };
		CDBE1E6D177FAA25002E6F58 /* NSKitStack_Test.m */ = {isa = PBXFileReference; fileEncoding = 4; lastKnownFileType = sourcecode.c.objc; path = NSKitStack_Test.m; sourceTree = "<group>"; };
		CDBE1E75177FAF97002E6F58 /* NSKitQueue_Test.m */ = {isa = PBXFileReference; fileEncoding = 4; lastKnownFileType = sourcecode.c.objc; path = NSKitQueue_Test.m; sourceTree = "<group>"; };
		CDC82B55177F2F7600FCC56B /* NSArray_Test.m */ = {isa = PBXFileReference; fileEncoding = 4; lastKnownFileType = sourcecode.c.objc; path = NSArray_Test.m; sourceTree = "<group>"; };
		CDC82B58177F2FC000FCC56B /* NSColor_Test.m */ = {isa = PBXFileReference; fileEncoding = 4; lastKnownFileType = sourcecode.c.objc; path = NSColor_Test.m; sourceTree = "<group>"; };
/* End PBXFileReference section */

/* Begin PBXFrameworksBuildPhase section */
		CDB298051777A4A700889B06 /* Frameworks */ = {
			isa = PBXFrameworksBuildPhase;
			buildActionMask = 2147483647;
			files = (
				CD842DEC1933C7DB00AE4CC7 /* QuartzCore.framework in Frameworks */,
				CD3B0C0417804DAC00D2B16F /* AudioToolbox.framework in Frameworks */,
				CD55395B177E1D37004B33D8 /* SystemConfiguration.framework in Frameworks */,
				CDB2980D1777A4A700889B06 /* Cocoa.framework in Frameworks */,
			);
			runOnlyForDeploymentPostprocessing = 0;
		};
		CDB2981D1777A4A700889B06 /* Frameworks */ = {
			isa = PBXFrameworksBuildPhase;
			buildActionMask = 2147483647;
			files = (
				CDB298231777A4A700889B06 /* Cocoa.framework in Frameworks */,
				CDB298221777A4A700889B06 /* XCTest.framework in Frameworks */,
				CDB298261777A4A700889B06 /* NSKit.framework in Frameworks */,
			);
			runOnlyForDeploymentPostprocessing = 0;
		};
/* End PBXFrameworksBuildPhase section */

/* Begin PBXGroup section */
		13154B4B17F83B6100FFCEC3 /* Views */ = {
			isa = PBXGroup;
			children = (
				13154B4C17F83BD500FFCEC3 /* NSKitView.h */,
				13154B4D17F83BD500FFCEC3 /* NSKitView.m */,
				1377C5A1184395BD0003E832 /* NSKitHoverView.h */,
				1377C5A2184395BD0003E832 /* NSKitHoverView.m */,
				CD842DE71933C6C600AE4CC7 /* NSKitProgressView.h */,
				CD842DE81933C6C600AE4CC7 /* NSKitProgressView.m */,
			);
			path = Views;
			sourceTree = "<group>";
		};
		13563C7818B9292D001A5D4F /* Cache */ = {
			isa = PBXGroup;
			children = (
				13563C7918B92959001A5D4F /* NSKitLRUCache.h */,
				13563C7A18B92959001A5D4F /* NSKitLRUCache.m */,
				13563C7D18B92DBB001A5D4F /* NSKitCacheEntry.h */,
				13563C7E18B92DBB001A5D4F /* NSKitCacheEntry.m */,
			);
			path = Cache;
			sourceTree = "<group>";
		};
		13DC0D611913F71200FD02BC /* Formatters */ = {
			isa = PBXGroup;
			children = (
				13DC0D621913F73500FD02BC /* NSKitNumberFormatter.h */,
				13DC0D631913F73500FD02BC /* NSKitNumberFormatter.m */,
				13DC0D671913F9C600FD02BC /* NSKitHexValueFormatter.h */,
				13DC0D681913F9C600FD02BC /* NSKitHexValueFormatter.m */,
			);
			path = Formatters;
			sourceTree = "<group>";
		};
		CD02585F1777C42D006A7C54 /* Data Structures */ = {
			isa = PBXGroup;
			children = (
				13563C7818B9292D001A5D4F /* Cache */,
				CD8BAA651779F13300DA1996 /* Linked Lists */,
				CD0258601777C42D006A7C54 /* NSKitQueue.h */,
				CD0258611777C42D006A7C54 /* NSKitQueue.m */,
				CD0258621777C42D006A7C54 /* NSKitStack.h */,
				CD0258631777C42D006A7C54 /* NSKitStack.m */,
				CD88570B177F9256007322E8 /* NSKitHeapPriorityQueue.h */,
				CD88570C177F9256007322E8 /* NSKitHeapPriorityQueue.m */,
			);
			path = "Data Structures";
			sourceTree = "<group>";
		};
		CD0258701777C5F5006A7C54 /* Keyboard */ = {
			isa = PBXGroup;
			children = (
				CD0258711777C5F5006A7C54 /* NSKitKeyboardHelper.h */,
				CD0258721777C5F5006A7C54 /* NSKitKeyboardHelper.m */,
			);
			path = Keyboard;
			sourceTree = "<group>";
		};
		CD0258B41778E945006A7C54 /* Utilities */ = {
			isa = PBXGroup;
			children = (
				1362EEB4193D8B0600E72166 /* NSKitMath_Test.swift */,
				CD842DE31933BA0400AE4CC7 /* NSKitSoundProxy_Test.m */,
				137F7EBC193D3F24008EBA3C /* NSKitUtilities_test.swift */,
			);
			path = Utilities;
			sourceTree = "<group>";
		};
		CD082B8817885AD3001C9E5E /* Helper Nodes */ = {
			isa = PBXGroup;
			children = (
				CD082B8917885AE4001C9E5E /* NSKitNode.h */,
				CD082B8A17885AE4001C9E5E /* NSKitNode.m */,
			);
			path = "Helper Nodes";
			sourceTree = "<group>";
		};
		CD22E07B17809E3E00520971 /* Rate */ = {
			isa = PBXGroup;
			children = (
				CD22E08217809E8F00520971 /* NSKitRateHelper.h */,
				CD22E08317809E8F00520971 /* NSKitRateHelper.m */,
				CD22E08617809EAF00520971 /* NSKitRate.h */,
				CD22E08717809EAF00520971 /* NSKitRate.m */,
			);
			path = Rate;
			sourceTree = "<group>";
		};
		CD3B0C05178051E100D2B16F /* Core Graphics */ = {
			isa = PBXGroup;
			children = (
				CD3B0C061780520700D2B16F /* NSKitCGContextHelper.h */,
				CD3B0C071780520700D2B16F /* NSKitCGContextHelper.m */,
			);
			path = "Core Graphics";
			sourceTree = "<group>";
		};
		CD5538F7177CE939004B33D8 /* Data Structures */ = {
			isa = PBXGroup;
			children = (
				CD082B8817885AD3001C9E5E /* Helper Nodes */,
				CDBE1E75177FAF97002E6F58 /* NSKitQueue_Test.m */,
				CDBE1E6D177FAA25002E6F58 /* NSKitStack_Test.m */,
				CD5538F8177CE980004B33D8 /* NSKitSinglyLinkedList_Test.m */,
				CD082B84178859AD001C9E5E /* NSKitDoubleLinkedList_Test.m */,
				CD885710177F97EC007322E8 /* NSKitPriorityQueue_Test.m */,
				13563C8318B93580001A5D4F /* NSKitLRUCache_Test.m */,
			);
			path = "Data Structures";
			sourceTree = "<group>";
		};
		CD8AACB11928F570005BEFAE /* Views */ = {
			isa = PBXGroup;
			children = (
				CD8AACB41928F5EE005BEFAE /* NSKitHoverView_Test.m */,
			);
			path = Views;
			sourceTree = "<group>";
		};
		CD8BAA651779F13300DA1996 /* Linked Lists */ = {
			isa = PBXGroup;
			children = (
				CD082B8C1788608A001C9E5E /* NSKitSinglyLinkedList+Private.h */,
				CD8BAA661779F13300DA1996 /* NSKitSinglyLinkedList.h */,
				CD8BAA671779F13300DA1996 /* NSKitSinglyLinkedList.m */,
				CD082B7F178856E7001C9E5E /* NSKitDoubleLinkedList.h */,
				CD082B80178856E7001C9E5E /* NSKitDoubleLinkedList.m */,
				CD5538FA177CFBB2004B33D8 /* NSKitLinkedListProtocol.h */,
			);
			path = "Linked Lists";
			sourceTree = "<group>";
		};
		CDB297FF1777A4A700889B06 = {
			isa = PBXGroup;
			children = (
				CDB298121777A4A700889B06 /* NSKit */,
				CDB298271777A4A700889B06 /* NSKitTests */,
				CDB2980B1777A4A700889B06 /* Frameworks */,
				CDB2980A1777A4A700889B06 /* Products */,
			);
			sourceTree = "<group>";
		};
		CDB2980A1777A4A700889B06 /* Products */ = {
			isa = PBXGroup;
			children = (
				CDB298091777A4A700889B06 /* NSKit.framework */,
				CDB298201777A4A700889B06 /* NSKitTests.xctest */,
			);
			name = Products;
			sourceTree = "<group>";
		};
		CDB2980B1777A4A700889B06 /* Frameworks */ = {
			isa = PBXGroup;
			children = (
				CD842DEB1933C7DB00AE4CC7 /* QuartzCore.framework */,
				CD3B0C0317804DAC00D2B16F /* AudioToolbox.framework */,
				CD55395A177E1D37004B33D8 /* SystemConfiguration.framework */,
				CDB2980C1777A4A700889B06 /* Cocoa.framework */,
				CDB298211777A4A700889B06 /* XCTest.framework */,
				CDB2980E1777A4A700889B06 /* Other Frameworks */,
			);
			name = Frameworks;
			sourceTree = "<group>";
		};
		CDB2980E1777A4A700889B06 /* Other Frameworks */ = {
			isa = PBXGroup;
			children = (
				CDB2980F1777A4A700889B06 /* Foundation.framework */,
				CDB298101777A4A700889B06 /* CoreData.framework */,
				CDB298111777A4A700889B06 /* AppKit.framework */,
			);
			name = "Other Frameworks";
			sourceTree = "<group>";
		};
		CDB298121777A4A700889B06 /* NSKit */ = {
			isa = PBXGroup;
			children = (
				CDB298191777A4A700889B06 /* NSKit.h */,
				CDB2981A1777A4A700889B06 /* NSKit.m */,
				CD3B0C05178051E100D2B16F /* Core Graphics */,
				CD02585F1777C42D006A7C54 /* Data Structures */,
				CDB2983D1777AC7F00889B06 /* Extensions */,
				CDB2984E1777B5EF00889B06 /* Helpers */,
				13154B4B17F83B6100FFCEC3 /* Views */,
				CDB298131777A4A700889B06 /* Supporting Files */,
			);
			path = NSKit;
			sourceTree = "<group>";
		};
		CDB298131777A4A700889B06 /* Supporting Files */ = {
			isa = PBXGroup;
			children = (
				CDB298141777A4A700889B06 /* NSKit-Info.plist */,
				CDB298181777A4A700889B06 /* NSKit-Prefix.pch */,
			);
			name = "Supporting Files";
			sourceTree = "<group>";
		};
		CDB298271777A4A700889B06 /* NSKitTests */ = {
			isa = PBXGroup;
			children = (
				CD5538F7177CE939004B33D8 /* Data Structures */,
				CDC82B54177F2F7600FCC56B /* Extensions */,
				CDB298281777A4A700889B06 /* Supporting Files */,
				CD0258B41778E945006A7C54 /* Utilities */,
				CD8AACB11928F570005BEFAE /* Views */,
			);
			path = NSKitTests;
			sourceTree = "<group>";
		};
		CDB298281777A4A700889B06 /* Supporting Files */ = {
			isa = PBXGroup;
			children = (
				CDB298291777A4A700889B06 /* NSKitTests-Info.plist */,
				CDB2982A1777A4A700889B06 /* InfoPlist.strings */,
			);
			name = "Supporting Files";
			sourceTree = "<group>";
		};
		CDB2983D1777AC7F00889B06 /* Extensions */ = {
			isa = PBXGroup;
			children = (
				CDB2985B1777C05700889B06 /* NSArray+NSKitExtensions.h */,
				CDB2985C1777C05700889B06 /* NSArray+NSKitExtensions.m */,
				CD0258921778CBB2006A7C54 /* NSColor+NSKitExtensions.h */,
				CD0258931778CBB2006A7C54 /* NSColor+NSKitExtensions.m */,
				CD02589C1778D1AA006A7C54 /* NSImage+NSKitExtensions.h */,
				CD02589D1778D1AA006A7C54 /* NSImage+NSKitExtensions.m */,
				CDB2985F1777C13300889B06 /* NSMutableArray+NSKitExtensions.h */,
				CDB298601777C13300889B06 /* NSMutableArray+NSKitExtensions.m */,
				CD02588A1778CB0A006A7C54 /* NSMutableAttributedString+NSKitExtensions.h */,
				CD02588B1778CB0A006A7C54 /* NSMutableAttributedString+NSKitExtensions.m */,
				13414F8F17E2208E00F885D2 /* NSString+NSKitExtensions.h */,
				13414F9017E2208E00F885D2 /* NSString+NSKitExtensions.m */,
				CD0258861778C88E006A7C54 /* NSTextStorage+NSKitExtensions.h */,
				CD0258871778C88E006A7C54 /* NSTextStorage+NSKitExtensions.m */,
				CD0258AD1778D981006A7C54 /* NSUserDefaults+NSKitExtensions.h */,
				CD0258AE1778D981006A7C54 /* NSUserDefaults+NSKitExtensions.m */,
				CDB298421777AFA900889B06 /* NSView+NSKitExtensions.h */,
				CDB298431777AFA900889B06 /* NSView+NSKitExtensions.m */,
				CDB2983E1777ACAB00889B06 /* NSWindow+NSKitExtensions.h */,
				CDB2983F1777ACAB00889B06 /* NSWindow+NSKitExtensions.m */,
				131B723C182BB6B000B47763 /* NSEvent+NSKitExtensions.h */,
				131B723D182BB6B000B47763 /* NSEvent+NSKitExtensions.m */,
				CD842DFF1933CAB000AE4CC7 /* NSObject+NSKitExtensions.h */,
				CD842E001933CAB000AE4CC7 /* NSObject+NSKitExtensions.m */,
			);
			path = Extensions;
			sourceTree = "<group>";
		};
		CDB2984E1777B5EF00889B06 /* Helpers */ = {
			isa = PBXGroup;
			children = (
				CDB298581777BEC900889B06 /* Debug */,
				CDB2984F1777B5EF00889B06 /* Email */,
				13DC0D611913F71200FD02BC /* Formatters */,
				CD0258701777C5F5006A7C54 /* Keyboard */,
				CD22E07B17809E3E00520971 /* Rate */,
				CDB298521777B76600889B06 /* Utilities */,
			);
			path = Helpers;
			sourceTree = "<group>";
		};
		CDB2984F1777B5EF00889B06 /* Email */ = {
			isa = PBXGroup;
			children = (
				CDB298501777B60A00889B06 /* NSKitEmailHelper.h */,
				CDB298511777B60A00889B06 /* NSKitEmailHelper.m */,
			);
			path = Email;
			sourceTree = "<group>";
		};
		CDB298521777B76600889B06 /* Utilities */ = {
			isa = PBXGroup;
			children = (
				CD3B0BFF17804D1F00D2B16F /* NSKitSoundProxy.h */,
				CD3B0C0017804D1F00D2B16F /* NSKitSoundProxy.m */,
				137F7EB7193D38E0008EBA3C /* NSKitUtilities.swift */,
				13402ABA193D800D0063E138 /* NSKitMath.swift */,
			);
			path = Utilities;
			sourceTree = "<group>";
		};
		CDB298581777BEC900889B06 /* Debug */ = {
			isa = PBXGroup;
			children = (
				CDB298591777BF0500889B06 /* NSKitPerformanceTimer.h */,
				CDB2985A1777BF0500889B06 /* NSKitPerformanceTimer.m */,
				CD0258751777C7A3006A7C54 /* NSKitMemoryHelper.h */,
				CD0258761777C7A3006A7C54 /* NSKitMemoryHelper.m */,
			);
			path = Debug;
			sourceTree = "<group>";
		};
		CDC82B54177F2F7600FCC56B /* Extensions */ = {
			isa = PBXGroup;
			children = (
				CDC82B55177F2F7600FCC56B /* NSArray_Test.m */,
				CDC82B58177F2FC000FCC56B /* NSColor_Test.m */,
				CD3B0BFD1780409400D2B16F /* NSUserDefaults_Test.m */,
				CD842DE51933BB3B00AE4CC7 /* NSString_Test.m */,
			);
			path = Extensions;
			sourceTree = "<group>";
		};
/* End PBXGroup section */

/* Begin PBXHeadersBuildPhase section */
		CDB298061777A4A700889B06 /* Headers */ = {
			isa = PBXHeadersBuildPhase;
			buildActionMask = 2147483647;
			files = (
				CD02589E1778D1AA006A7C54 /* NSImage+NSKitExtensions.h in Headers */,
				CD0258AF1778D981006A7C54 /* NSUserDefaults+NSKitExtensions.h in Headers */,
				CD22E08417809E8F00520971 /* NSKitRateHelper.h in Headers */,
				CD0258881778C88E006A7C54 /* NSTextStorage+NSKitExtensions.h in Headers */,
				CD0258941778CBB2006A7C54 /* NSColor+NSKitExtensions.h in Headers */,
				CD0258641777C42D006A7C54 /* NSKitQueue.h in Headers */,
				13563C7B18B92959001A5D4F /* NSKitLRUCache.h in Headers */,
				CD02588C1778CB0A006A7C54 /* NSMutableAttributedString+NSKitExtensions.h in Headers */,
				13414F9117E2208E00F885D2 /* NSString+NSKitExtensions.h in Headers */,
				CD0258661777C42D006A7C54 /* NSKitStack.h in Headers */,
				CDB298461777AFC900889B06 /* NSView+NSKitExtensions.h in Headers */,
				CDB2986A1777C2EF00889B06 /* NSKitPerformanceTimer.h in Headers */,
				CD5538FC177CFBB2004B33D8 /* NSKitLinkedListProtocol.h in Headers */,
				CD0258771777C7A3006A7C54 /* NSKitMemoryHelper.h in Headers */,
				CDB298571777BAB100889B06 /* NSKitEmailHelper.h in Headers */,
				CD3B0C0117804D1F00D2B16F /* NSKitSoundProxy.h in Headers */,
				CD88570D177F9256007322E8 /* NSKitHeapPriorityQueue.h in Headers */,
				CD3B0C081780520700D2B16F /* NSKitCGContextHelper.h in Headers */,
				CD082B81178856E7001C9E5E /* NSKitDoubleLinkedList.h in Headers */,
				CD22E08817809EAF00520971 /* NSKitRate.h in Headers */,
				CDB2985D1777C05700889B06 /* NSArray+NSKitExtensions.h in Headers */,
				CD082B8E1788608A001C9E5E /* NSKitSinglyLinkedList+Private.h in Headers */,
				13154B4E17F83BD500FFCEC3 /* NSKitView.h in Headers */,
				131B723E182BB6B000B47763 /* NSEvent+NSKitExtensions.h in Headers */,
				CDB298401777ACAB00889B06 /* NSWindow+NSKitExtensions.h in Headers */,
				CDB2986B1777C2FC00889B06 /* NSMutableArray+NSKitExtensions.h in Headers */,
				13563C7F18B92DBB001A5D4F /* NSKitCacheEntry.h in Headers */,
				1377C5A3184395BD0003E832 /* NSKitHoverView.h in Headers */,
				13DC0D691913F9C600FD02BC /* NSKitHexValueFormatter.h in Headers */,
				13DC0D641913F73500FD02BC /* NSKitNumberFormatter.h in Headers */,
				CD842E011933CAB000AE4CC7 /* NSObject+NSKitExtensions.h in Headers */,
				CD842DE91933C6C600AE4CC7 /* NSKitProgressView.h in Headers */,
				CD0258731777C5F5006A7C54 /* NSKitKeyboardHelper.h in Headers */,
				CD8BAA681779F13300DA1996 /* NSKitSinglyLinkedList.h in Headers */,
			);
			runOnlyForDeploymentPostprocessing = 0;
		};
/* End PBXHeadersBuildPhase section */

/* Begin PBXNativeTarget section */
		CDB298081777A4A700889B06 /* NSKit */ = {
			isa = PBXNativeTarget;
			buildConfigurationList = CDB298311777A4A700889B06 /* Build configuration list for PBXNativeTarget "NSKit" */;
			buildPhases = (
				CDB298041777A4A700889B06 /* Sources */,
				CDB298051777A4A700889B06 /* Frameworks */,
				CDB298061777A4A700889B06 /* Headers */,
				CDB298071777A4A700889B06 /* Resources */,
				CD500172177CBDD400922A03 /* ShellScript */,
			);
			buildRules = (
			);
			dependencies = (
			);
			name = NSKit;
			productName = NSKit;
			productReference = CDB298091777A4A700889B06 /* NSKit.framework */;
			productType = "com.apple.product-type.framework";
		};
		CDB2981F1777A4A700889B06 /* NSKitTests */ = {
			isa = PBXNativeTarget;
			buildConfigurationList = CDB298341777A4A700889B06 /* Build configuration list for PBXNativeTarget "NSKitTests" */;
			buildPhases = (
				CDB2981C1777A4A700889B06 /* Sources */,
				CDB2981D1777A4A700889B06 /* Frameworks */,
				CDB2981E1777A4A700889B06 /* Resources */,
			);
			buildRules = (
			);
			dependencies = (
				CDB298251777A4A700889B06 /* PBXTargetDependency */,
				137F7EBB193D3C90008EBA3C /* PBXTargetDependency */,
			);
			name = NSKitTests;
			productName = NSKitTests;
			productReference = CDB298201777A4A700889B06 /* NSKitTests.xctest */;
			productType = "com.apple.product-type.bundle.unit-test";
		};
/* End PBXNativeTarget section */

/* Begin PBXProject section */
		CDB298001777A4A700889B06 /* Project object */ = {
			isa = PBXProject;
			attributes = {
				LastUpgradeCheck = 0510;
				ORGANIZATIONNAME = "Patrick Chamelo";
				TargetAttributes = {
					CDB298081777A4A700889B06 = {
						DevelopmentTeam = HPSF3D2F4U;
					};
					CDB2981F1777A4A700889B06 = {
						TestTargetID = CDB298081777A4A700889B06;
					};
				};
			};
			buildConfigurationList = CDB298031777A4A700889B06 /* Build configuration list for PBXProject "NSKit" */;
			compatibilityVersion = "Xcode 3.2";
			developmentRegion = English;
			hasScannedForEncodings = 0;
			knownRegions = (
				en,
			);
			mainGroup = CDB297FF1777A4A700889B06;
			productRefGroup = CDB2980A1777A4A700889B06 /* Products */;
			projectDirPath = "";
			projectRoot = "";
			targets = (
				CDB298081777A4A700889B06 /* NSKit */,
				CDB2981F1777A4A700889B06 /* NSKitTests */,
			);
		};
/* End PBXProject section */

/* Begin PBXResourcesBuildPhase section */
		CDB298071777A4A700889B06 /* Resources */ = {
			isa = PBXResourcesBuildPhase;
			buildActionMask = 2147483647;
			files = (
			);
			runOnlyForDeploymentPostprocessing = 0;
		};
		CDB2981E1777A4A700889B06 /* Resources */ = {
			isa = PBXResourcesBuildPhase;
			buildActionMask = 2147483647;
			files = (
				CDB2982C1777A4A700889B06 /* InfoPlist.strings in Resources */,
			);
			runOnlyForDeploymentPostprocessing = 0;
		};
/* End PBXResourcesBuildPhase section */

/* Begin PBXShellScriptBuildPhase section */
		CD500172177CBDD400922A03 /* ShellScript */ = {
			isa = PBXShellScriptBuildPhase;
			buildActionMask = 12;
			files = (
			);
			inputPaths = (
			);
			outputPaths = (
			);
			runOnlyForDeploymentPostprocessing = 0;
			shellPath = /bin/sh;
			shellScript = "#/usr/local/bin/appledoc \\\n#--project-name \"NSKit\" \\\n#--project-company \"@nscoding\" \\\n#--company-id \"com.nscoding\" \\\n#--docset-atom-filename \"NSKit.atom\" \\\n#--docset-feed-url \"http://nscoding.github.com/NSKit/%DOCSETATOMFILENAME\" \\\n#--docset-package-url \"http://nscoding.github.com/NSKit/%DOCSETPACKAGEFILENAME\" \\\n#--docset-fallback-url \"http://nscoding.github.com/NSKit/\" \\\n#--output \"${PROJECT_DIR}/Documentation\" \\\n#--publish-docset \\\n#--logformat xcode \\\n#--keep-undocumented-objects \\\n#--keep-undocumented-members \\\n#--keep-intermediate-files \\\n#--no-repeat-first-par \\\n#--no-warn-invalid-crossref \\\n#--ignore \"*.m\" \\\n#--ignore \"NSKit.h\" \\\n#--ignore \"NSKitNode.h\" \\\n#--ignore \"Reachability.h\" \\\n#--exit-threshold 2 \\\n#--index-desc \"${PROJECT_DIR}/Documentation.md\" \\\n#\"${PROJECT_DIR}\"";
		};
/* End PBXShellScriptBuildPhase section */

/* Begin PBXSourcesBuildPhase section */
		CDB298041777A4A700889B06 /* Sources */ = {
			isa = PBXSourcesBuildPhase;
			buildActionMask = 2147483647;
			files = (
				CD842E021933CAB000AE4CC7 /* NSObject+NSKitExtensions.m in Sources */,
				CD0258BD1778F1FA006A7C54 /* NSMutableArray+NSKitExtensions.m in Sources */,
				CD0258B01778D981006A7C54 /* NSUserDefaults+NSKitExtensions.m in Sources */,
				CD22E08917809EAF00520971 /* NSKitRate.m in Sources */,
				CD0258781777C7A3006A7C54 /* NSKitMemoryHelper.m in Sources */,
				13563C7C18B92959001A5D4F /* NSKitLRUCache.m in Sources */,
				CDB298411777ACAB00889B06 /* NSWindow+NSKitExtensions.m in Sources */,
				13402ABB193D800D0063E138 /* NSKitMath.swift in Sources */,
				CD842DEA1933C6C600AE4CC7 /* NSKitProgressView.m in Sources */,
				CD0258741777C5F5006A7C54 /* NSKitKeyboardHelper.m in Sources */,
				13414F9217E2208E00F885D2 /* NSString+NSKitExtensions.m in Sources */,
				1377C5A4184395BD0003E832 /* NSKitHoverView.m in Sources */,
				CD88570E177F9256007322E8 /* NSKitHeapPriorityQueue.m in Sources */,
				CD0258951778CBB2006A7C54 /* NSColor+NSKitExtensions.m in Sources */,
				CD082B82178856E7001C9E5E /* NSKitDoubleLinkedList.m in Sources */,
				CDB2985E1777C05700889B06 /* NSArray+NSKitExtensions.m in Sources */,
				CD0258671777C42D006A7C54 /* NSKitStack.m in Sources */,
				CDB298441777AFAD00889B06 /* NSView+NSKitExtensions.m in Sources */,
				137F7EB8193D38E0008EBA3C /* NSKitUtilities.swift in Sources */,
				CD02588D1778CB0A006A7C54 /* NSMutableAttributedString+NSKitExtensions.m in Sources */,
				13DC0D6A1913F9C600FD02BC /* NSKitHexValueFormatter.m in Sources */,
				131B723F182BB6B000B47763 /* NSEvent+NSKitExtensions.m in Sources */,
				13154B4F17F83BD500FFCEC3 /* NSKitView.m in Sources */,
				CD0258651777C42D006A7C54 /* NSKitQueue.m in Sources */,
				CD3B0C091780520700D2B16F /* NSKitCGContextHelper.m in Sources */,
				13DC0D651913F73500FD02BC /* NSKitNumberFormatter.m in Sources */,
				CD22E08517809E8F00520971 /* NSKitRateHelper.m in Sources */,
				CD02589F1778D1AA006A7C54 /* NSImage+NSKitExtensions.m in Sources */,
				13563C8018B92DBB001A5D4F /* NSKitCacheEntry.m in Sources */,
				CDB2981B1777A4A700889B06 /* NSKit.m in Sources */,
				CD0258891778C88E006A7C54 /* NSTextStorage+NSKitExtensions.m in Sources */,
				CD3B0C0217804D1F00D2B16F /* NSKitSoundProxy.m in Sources */,
				CD8BAA691779F13300DA1996 /* NSKitSinglyLinkedList.m in Sources */,
			);
			runOnlyForDeploymentPostprocessing = 0;
		};
		CDB2981C1777A4A700889B06 /* Sources */ = {
			isa = PBXSourcesBuildPhase;
			buildActionMask = 2147483647;
			files = (
				CDC82B56177F2F7600FCC56B /* NSArray_Test.m in Sources */,
				CDBE1E76177FAF97002E6F58 /* NSKitQueue_Test.m in Sources */,
				137F7EB9193D38E0008EBA3C /* NSKitUtilities.swift in Sources */,
				CDBE1E6F177FAA25002E6F58 /* NSKitStack_Test.m in Sources */,
				137F7EBD193D3F24008EBA3C /* NSKitUtilities_test.swift in Sources */,
				131B7240182BB6B000B47763 /* NSEvent+NSKitExtensions.m in Sources */,
				CD885711177F97EC007322E8 /* NSKitPriorityQueue_Test.m in Sources */,
				CDC82B59177F2FC000FCC56B /* NSColor_Test.m in Sources */,
				CD082B8717885A39001C9E5E /* NSKitDoubleLinkedList_Test.m in Sources */,
				CD8AACB51928F5EE005BEFAE /* NSKitHoverView_Test.m in Sources */,
				13563C8418B93580001A5D4F /* NSKitLRUCache_Test.m in Sources */,
				13563C8218B93559001A5D4F /* NSKitCacheEntry.m in Sources */,
				1362EEB5193D8B0600E72166 /* NSKitMath_Test.swift in Sources */,
				CD842DE41933BA0400AE4CC7 /* NSKitSoundProxy_Test.m in Sources */,
				13563C8118B93557001A5D4F /* NSKitLRUCache.m in Sources */,
				CD842DE61933BB3B00AE4CC7 /* NSString_Test.m in Sources */,
				CD082B8B17885AE4001C9E5E /* NSKitNode.m in Sources */,
				13402ABC193D800D0063E138 /* NSKitMath.swift in Sources */,
				CD5538F9177CE980004B33D8 /* NSKitSinglyLinkedList_Test.m in Sources */,
				CD3B0BFE1780409400D2B16F /* NSUserDefaults_Test.m in Sources */,
			);
			runOnlyForDeploymentPostprocessing = 0;
		};
/* End PBXSourcesBuildPhase section */

/* Begin PBXTargetDependency section */
		137F7EBB193D3C90008EBA3C /* PBXTargetDependency */ = {
			isa = PBXTargetDependency;
			target = CDB298081777A4A700889B06 /* NSKit */;
			targetProxy = 137F7EBA193D3C90008EBA3C /* PBXContainerItemProxy */;
		};
		CDB298251777A4A700889B06 /* PBXTargetDependency */ = {
			isa = PBXTargetDependency;
			target = CDB298081777A4A700889B06 /* NSKit */;
			targetProxy = CDB298241777A4A700889B06 /* PBXContainerItemProxy */;
		};
/* End PBXTargetDependency section */

/* Begin PBXVariantGroup section */
		CDB2982A1777A4A700889B06 /* InfoPlist.strings */ = {
			isa = PBXVariantGroup;
			children = (
				CDB2982B1777A4A700889B06 /* en */,
			);
			name = InfoPlist.strings;
			sourceTree = "<group>";
		};
/* End PBXVariantGroup section */

/* Begin XCBuildConfiguration section */
		CD025926177906A1006A7C54 /* Development */ = {
			isa = XCBuildConfiguration;
			buildSettings = {
				ALWAYS_SEARCH_USER_PATHS = NO;
				CLANG_CXX_LANGUAGE_STANDARD = "gnu++0x";
				CLANG_CXX_LIBRARY = "libc++";
				CLANG_ENABLE_MODULES = NO;
				CLANG_ENABLE_OBJC_ARC = YES;
				CLANG_WARN_BOOL_CONVERSION = YES;
				CLANG_WARN_CONSTANT_CONVERSION = YES;
				CLANG_WARN_DIRECT_OBJC_ISA_USAGE = YES_ERROR;
				CLANG_WARN_EMPTY_BODY = YES;
				CLANG_WARN_ENUM_CONVERSION = YES;
				CLANG_WARN_INT_CONVERSION = YES;
				CLANG_WARN_OBJC_ROOT_CLASS = YES_ERROR;
				CLANG_WARN__DUPLICATE_METHOD_MATCH = YES;
				COPY_PHASE_STRIP = NO;
				GCC_C_LANGUAGE_STANDARD = gnu99;
				GCC_DYNAMIC_NO_PIC = NO;
				GCC_ENABLE_OBJC_EXCEPTIONS = YES;
				GCC_OPTIMIZATION_LEVEL = 0;
				GCC_PREPROCESSOR_DEFINITIONS = (
					"DEBUG=1",
					"$(inherited)",
				);
				GCC_SYMBOLS_PRIVATE_EXTERN = NO;
				GCC_WARN_64_TO_32_BIT_CONVERSION = YES;
				GCC_WARN_ABOUT_RETURN_TYPE = YES_ERROR;
				GCC_WARN_UNDECLARED_SELECTOR = YES;
				GCC_WARN_UNINITIALIZED_AUTOS = YES;
				GCC_WARN_UNUSED_FUNCTION = YES;
				GCC_WARN_UNUSED_VARIABLE = YES;
				MACOSX_DEPLOYMENT_TARGET = 10.6;
				ONLY_ACTIVE_ARCH = NO;
				SDKROOT = macosx;
			};
			name = Development;
		};
		CD025927177906A1006A7C54 /* Development */ = {
			isa = XCBuildConfiguration;
			buildSettings = {
				ALWAYS_SEARCH_USER_PATHS = YES;
				CLANG_ANALYZER_OBJC_ATSYNC = YES;
				CLANG_ANALYZER_OBJC_COLLECTIONS = YES;
				CLANG_ANALYZER_OBJC_INCOMP_METHOD_TYPES = YES;
				CLANG_ANALYZER_OBJC_NSCFERROR = YES;
				CLANG_ANALYZER_OBJC_RETAIN_COUNT = YES;
				CLANG_ANALYZER_OBJC_UNUSED_IVARS = YES;
				CLANG_ENABLE_MODULES = YES;
				CLANG_LINK_OBJC_RUNTIME = YES;
				CODE_SIGN_IDENTITY = "";
				"CODE_SIGN_IDENTITY[sdk=macosx*]" = "";
				COMBINE_HIDPI_IMAGES = YES;
				DEFINES_MODULE = YES;
				DYLIB_COMPATIBILITY_VERSION = 1;
				DYLIB_CURRENT_VERSION = 1;
				FRAMEWORK_VERSION = A;
				GCC_CW_ASM_SYNTAX = YES;
				GCC_ENABLE_BUILTIN_FUNCTIONS = YES;
				GCC_PRECOMPILE_PREFIX_HEADER = YES;
				GCC_PREFIX_HEADER = "NSKit/NSKit-Prefix.pch";
				GCC_WARN_ABOUT_INVALID_OFFSETOF_MACRO = YES;
				GCC_WARN_TYPECHECK_CALLS_TO_PRINTF = YES;
				INFOPLIST_FILE = "NSKit/NSKit-Info.plist";
				INSTALL_PATH = "@executable_path/../Frameworks";
				LD_RUNPATH_SEARCH_PATHS = "$(inherited) @executable_path/../Frameworks @loader_path/../Frameworks";
				MACOSX_DEPLOYMENT_TARGET = 10.6;
				PRODUCT_NAME = "$(TARGET_NAME)";
				SDKROOT = macosx;
				SKIP_INSTALL = YES;
				SWIFT_OPTIMIZATION_LEVEL = "-Onone";
				WRAPPER_EXTENSION = framework;
			};
			name = Development;
		};
		CD025928177906A1006A7C54 /* Development */ = {
			isa = XCBuildConfiguration;
			buildSettings = {
				CLANG_ENABLE_MODULES = YES;
				COMBINE_HIDPI_IMAGES = YES;
				FRAMEWORK_SEARCH_PATHS = (
					"$(DEVELOPER_FRAMEWORKS_DIR)",
					"$(inherited)",
				);
				GCC_PRECOMPILE_PREFIX_HEADER = YES;
				GCC_PREFIX_HEADER = "NSKit/NSKit-Prefix.pch";
				GCC_PREPROCESSOR_DEFINITIONS = (
					"DEBUG=1",
					"$(inherited)",
				);
				INFOPLIST_FILE = "NSKitTests/NSKitTests-Info.plist";
				LD_RUNPATH_SEARCH_PATHS = "$(inherited) @executable_path/../Frameworks @loader_path/../Frameworks";
				PRODUCT_NAME = "$(TARGET_NAME)";
				SWIFT_OPTIMIZATION_LEVEL = "-Onone";
				WRAPPER_EXTENSION = xctest;
			};
			name = Development;
		};
		CD025929177906A8006A7C54 /* App Store */ = {
			isa = XCBuildConfiguration;
			buildSettings = {
				ALWAYS_SEARCH_USER_PATHS = NO;
				CLANG_CXX_LANGUAGE_STANDARD = "gnu++0x";
				CLANG_CXX_LIBRARY = "libc++";
				CLANG_ENABLE_MODULES = NO;
				CLANG_ENABLE_OBJC_ARC = YES;
				CLANG_WARN_BOOL_CONVERSION = YES;
				CLANG_WARN_CONSTANT_CONVERSION = YES;
				CLANG_WARN_DIRECT_OBJC_ISA_USAGE = YES_ERROR;
				CLANG_WARN_EMPTY_BODY = YES;
				CLANG_WARN_ENUM_CONVERSION = YES;
				CLANG_WARN_INT_CONVERSION = YES;
				CLANG_WARN_OBJC_ROOT_CLASS = YES_ERROR;
				CLANG_WARN__DUPLICATE_METHOD_MATCH = YES;
				COPY_PHASE_STRIP = YES;
				DEBUG_INFORMATION_FORMAT = "dwarf-with-dsym";
				ENABLE_NS_ASSERTIONS = NO;
				GCC_C_LANGUAGE_STANDARD = gnu99;
				GCC_ENABLE_OBJC_EXCEPTIONS = YES;
				GCC_WARN_64_TO_32_BIT_CONVERSION = YES;
				GCC_WARN_ABOUT_RETURN_TYPE = YES_ERROR;
				GCC_WARN_UNDECLARED_SELECTOR = YES;
				GCC_WARN_UNINITIALIZED_AUTOS = YES;
				GCC_WARN_UNUSED_FUNCTION = YES;
				GCC_WARN_UNUSED_VARIABLE = YES;
				MACOSX_DEPLOYMENT_TARGET = 10.6;
				SDKROOT = macosx;
			};
			name = "App Store";
		};
		CD02592A177906A8006A7C54 /* App Store */ = {
			isa = XCBuildConfiguration;
			buildSettings = {
				ALWAYS_SEARCH_USER_PATHS = YES;
				CLANG_ANALYZER_OBJC_ATSYNC = YES;
				CLANG_ANALYZER_OBJC_COLLECTIONS = YES;
				CLANG_ANALYZER_OBJC_INCOMP_METHOD_TYPES = YES;
				CLANG_ANALYZER_OBJC_NSCFERROR = YES;
				CLANG_ANALYZER_OBJC_RETAIN_COUNT = YES;
				CLANG_ANALYZER_OBJC_UNUSED_IVARS = YES;
				CLANG_ENABLE_MODULES = YES;
				CLANG_LINK_OBJC_RUNTIME = YES;
				CODE_SIGN_IDENTITY = "";
				"CODE_SIGN_IDENTITY[sdk=macosx*]" = "";
				COMBINE_HIDPI_IMAGES = YES;
				DEFINES_MODULE = YES;
				DYLIB_COMPATIBILITY_VERSION = 1;
				DYLIB_CURRENT_VERSION = 1;
				FRAMEWORK_VERSION = A;
				GCC_CW_ASM_SYNTAX = YES;
				GCC_ENABLE_BUILTIN_FUNCTIONS = YES;
				GCC_PRECOMPILE_PREFIX_HEADER = YES;
				GCC_PREFIX_HEADER = "NSKit/NSKit-Prefix.pch";
				GCC_WARN_ABOUT_INVALID_OFFSETOF_MACRO = YES;
				GCC_WARN_TYPECHECK_CALLS_TO_PRINTF = YES;
				INFOPLIST_FILE = "NSKit/NSKit-Info.plist";
				INSTALL_PATH = "@executable_path/../Frameworks";
				LD_RUNPATH_SEARCH_PATHS = "$(inherited) @executable_path/../Frameworks @loader_path/../Frameworks";
				MACOSX_DEPLOYMENT_TARGET = 10.6;
				PRODUCT_NAME = "$(TARGET_NAME)";
				SDKROOT = macosx;
				SKIP_INSTALL = YES;
				WRAPPER_EXTENSION = framework;
			};
			name = "App Store";
		};
		CD02592B177906A8006A7C54 /* App Store */ = {
			isa = XCBuildConfiguration;
			buildSettings = {
				CLANG_ENABLE_MODULES = YES;
				COMBINE_HIDPI_IMAGES = YES;
				FRAMEWORK_SEARCH_PATHS = (
					"$(DEVELOPER_FRAMEWORKS_DIR)",
					"$(inherited)",
				);
				GCC_PRECOMPILE_PREFIX_HEADER = YES;
				GCC_PREFIX_HEADER = "NSKit/NSKit-Prefix.pch";
				INFOPLIST_FILE = "NSKitTests/NSKitTests-Info.plist";
				LD_RUNPATH_SEARCH_PATHS = "$(inherited) @executable_path/../Frameworks @loader_path/../Frameworks";
				PRODUCT_NAME = "$(TARGET_NAME)";
				WRAPPER_EXTENSION = xctest;
			};
			name = "App Store";
		};
/* End XCBuildConfiguration section */

/* Begin XCConfigurationList section */
		CDB298031777A4A700889B06 /* Build configuration list for PBXProject "NSKit" */ = {
			isa = XCConfigurationList;
			buildConfigurations = (
				CD025926177906A1006A7C54 /* Development */,
				CD025929177906A8006A7C54 /* App Store */,
			);
			defaultConfigurationIsVisible = 0;
			defaultConfigurationName = Development;
		};
		CDB298311777A4A700889B06 /* Build configuration list for PBXNativeTarget "NSKit" */ = {
			isa = XCConfigurationList;
			buildConfigurations = (
				CD025927177906A1006A7C54 /* Development */,
				CD02592A177906A8006A7C54 /* App Store */,
			);
			defaultConfigurationIsVisible = 0;
			defaultConfigurationName = Development;
		};
		CDB298341777A4A700889B06 /* Build configuration list for PBXNativeTarget "NSKitTests" */ = {
			isa = XCConfigurationList;
			buildConfigurations = (
				CD025928177906A1006A7C54 /* Development */,
				CD02592B177906A8006A7C54 /* App Store */,
			);
			defaultConfigurationIsVisible = 0;
			defaultConfigurationName = Development;
		};
/* End XCConfigurationList section */
	};
	rootObject = CDB298001777A4A700889B06 /* Project object */;
}
